# This file is automatically @generated by Cargo.
# It is not intended for manual editing.
[[package]]
name = "gnuplot"
version = "0.0.24"
source = "registry+https://github.com/rust-lang/crates.io-index"
checksum = "2cfbdbe219400e026809cf89a0d94af5f8e1736427e0a358272c47cd20f1e718"

[[package]]
name = "rust_gnuplot"
version = "0.1.0"
dependencies = [
 "gnuplot",
]
